
Microsoft Visual Studio Solution File, Format Version 12.00
Project("{FAE04EC0-301F-11D3-BF4B-00C04F79EFBC}") = "vmihalachi.com.AppHost", "vmihalachi.com.AppHost\vmihalachi.com.AppHost.csproj", "{147AE7E7-DA72-456C-B0F2-38062E72D023}"
EndProject
Project("{FAE04EC0-301F-11D3-BF4B-00C04F79EFBC}") = "vmihalachi.com.Server", "vmihalachi.com.Server\vmihalachi.com.Server.csproj", "{5C99C295-3D60-446A-85E4-48607BB35F73}"
EndProject
Global
	GlobalSection(SolutionConfigurationPlatforms) = preSolution
		Debug|Any CPU = Debug|Any CPU
		Release|Any CPU = Release|Any CPU
	EndGlobalSection
	GlobalSection(ProjectConfigurationPlatforms) = postSolution
		{147AE7E7-DA72-456C-B0F2-38062E72D023}.Debug|Any CPU.ActiveCfg = Debug|Any CPU
		{147AE7E7-DA72-456C-B0F2-38062E72D023}.Debug|Any CPU.Build.0 = Debug|Any CPU
		{147AE7E7-DA72-456C-B0F2-38062E72D023}.Release|Any CPU.ActiveCfg = Release|Any CPU
		{147AE7E7-DA72-456C-B0F2-38062E72D023}.Release|Any CPU.Build.0 = Release|Any CPU
		{5C99C295-3D60-446A-85E4-48607BB35F73}.Debug|Any CPU.ActiveCfg = Debug|Any CPU
		{5C99C295-3D60-446A-85E4-48607BB35F73}.Debug|Any CPU.Build.0 = Debug|Any CPU
		{5C99C295-3D60-446A-85E4-48607BB35F73}.Release|Any CPU.ActiveCfg = Release|Any CPU
		{5C99C295-3D60-446A-85E4-48607BB35F73}.Release|Any CPU.Build.0 = Release|Any CPU
	EndGlobalSection
EndGlobal
